// !$*UTF8*$!
{
	archiveVersion = 1;
	classes = {
	};
	objectVersion = 50;
	objects = {

/* Begin PBXBuildFile section */
		111915B721F90FA900A8554F /* Document.m in Sources */ = {isa = PBXBuildFile; fileRef = 111915B621F90FA900A8554F /* Document.m */; };
		111915BA21F9104200A8554F /* NSString+WordCount.m in Sources */ = {isa = PBXBuildFile; fileRef = 111915B921F9104200A8554F /* NSString+WordCount.m */; };
		111915BD21F9114A00A8554F /* DocumentController.m in Sources */ = {isa = PBXBuildFile; fileRef = 111915BC21F9114A00A8554F /* DocumentController.m */; };
		1132D9E921F90DB30061E6E3 /* AppDelegate.m in Sources */ = {isa = PBXBuildFile; fileRef = 1132D9E821F90DB30061E6E3 /* AppDelegate.m */; };
		1132D9EF21F90DB30061E6E3 /* Main.storyboard in Resources */ = {isa = PBXBuildFile; fileRef = 1132D9ED21F90DB30061E6E3 /* Main.storyboard */; };
		1132D9F121F90DB40061E6E3 /* Assets.xcassets in Resources */ = {isa = PBXBuildFile; fileRef = 1132D9F021F90DB40061E6E3 /* Assets.xcassets */; };
		1132D9F421F90DB40061E6E3 /* LaunchScreen.storyboard in Resources */ = {isa = PBXBuildFile; fileRef = 1132D9F221F90DB40061E6E3 /* LaunchScreen.storyboard */; };
		1132D9F721F90DB40061E6E3 /* main.m in Sources */ = {isa = PBXBuildFile; fileRef = 1132D9F621F90DB40061E6E3 /* main.m */; };
		1132D9FF21F90DF80061E6E3 /* NKTDocumentsTVC.m in Sources */ = {isa = PBXBuildFile; fileRef = 1132D9FE21F90DF80061E6E3 /* NKTDocumentsTVC.m */; };
		1132DA0221F90ED10061E6E3 /* NKTDetailVC.m in Sources */ = {isa = PBXBuildFile; fileRef = 1132DA0121F90ED10061E6E3 /* NKTDetailVC.m */; };
/* End PBXBuildFile section */

/* Begin PBXFileReference section */
		111915B521F90FA900A8554F /* Document.h */ = {isa = PBXFileReference; lastKnownFileType = sourcecode.c.h; path = Document.h; sourceTree = "<group>"; };
		111915B621F90FA900A8554F /* Document.m */ = {isa = PBXFileReference; lastKnownFileType = sourcecode.c.objc; path = Document.m; sourceTree = "<group>"; };
		111915B821F9104200A8554F /* NSString+WordCount.h */ = {isa = PBXFileReference; lastKnownFileType = sourcecode.c.h; path = "NSString+WordCount.h"; sourceTree = "<group>"; };
		111915B921F9104200A8554F /* NSString+WordCount.m */ = {isa = PBXFileReference; lastKnownFileType = sourcecode.c.objc; path = "NSString+WordCount.m"; sourceTree = "<group>"; };
		111915BB21F9114A00A8554F /* DocumentController.h */ = {isa = PBXFileReference; lastKnownFileType = sourcecode.c.h; path = DocumentController.h; sourceTree = "<group>"; };
		111915BC21F9114A00A8554F /* DocumentController.m */ = {isa = PBXFileReference; lastKnownFileType = sourcecode.c.objc; path = DocumentController.m; sourceTree = "<group>"; };
		1132D9E421F90DB30061E6E3 /* objc-documents.app */ = {isa = PBXFileReference; explicitFileType = wrapper.application; includeInIndex = 0; path = "objc-documents.app"; sourceTree = BUILT_PRODUCTS_DIR; };
		1132D9E721F90DB30061E6E3 /* AppDelegate.h */ = {isa = PBXFileReference; lastKnownFileType = sourcecode.c.h; path = AppDelegate.h; sourceTree = "<group>"; };
		1132D9E821F90DB30061E6E3 /* AppDelegate.m */ = {isa = PBXFileReference; lastKnownFileType = sourcecode.c.objc; path = AppDelegate.m; sourceTree = "<group>"; };
		1132D9EE21F90DB30061E6E3 /* Base */ = {isa = PBXFileReference; lastKnownFileType = file.storyboard; name = Base; path = Base.lproj/Main.storyboard; sourceTree = "<group>"; };
		1132D9F021F90DB40061E6E3 /* Assets.xcassets */ = {isa = PBXFileReference; lastKnownFileType = folder.assetcatalog; path = Assets.xcassets; sourceTree = "<group>"; };
		1132D9F321F90DB40061E6E3 /* Base */ = {isa = PBXFileReference; lastKnownFileType = file.storyboard; name = Base; path = Base.lproj/LaunchScreen.storyboard; sourceTree = "<group>"; };
		1132D9F521F90DB40061E6E3 /* Info.plist */ = {isa = PBXFileReference; lastKnownFileType = text.plist.xml; path = Info.plist; sourceTree = "<group>"; };
		1132D9F621F90DB40061E6E3 /* main.m */ = {isa = PBXFileReference; lastKnownFileType = sourcecode.c.objc; path = main.m; sourceTree = "<group>"; };
		1132D9FD21F90DF80061E6E3 /* NKTDocumentsTVC.h */ = {isa = PBXFileReference; lastKnownFileType = sourcecode.c.h; path = NKTDocumentsTVC.h; sourceTree = "<group>"; };
		1132D9FE21F90DF80061E6E3 /* NKTDocumentsTVC.m */ = {isa = PBXFileReference; lastKnownFileType = sourcecode.c.objc; path = NKTDocumentsTVC.m; sourceTree = "<group>"; };
		1132DA0021F90ED10061E6E3 /* NKTDetailVC.h */ = {isa = PBXFileReference; lastKnownFileType = sourcecode.c.h; path = NKTDetailVC.h; sourceTree = "<group>"; };
		1132DA0121F90ED10061E6E3 /* NKTDetailVC.m */ = {isa = PBXFileReference; lastKnownFileType = sourcecode.c.objc; path = NKTDetailVC.m; sourceTree = "<group>"; };
/* End PBXFileReference section */

/* Begin PBXFrameworksBuildPhase section */
		1132D9E121F90DB30061E6E3 /* Frameworks */ = {
			isa = PBXFrameworksBuildPhase;
			buildActionMask = 2147483647;
			files = (
			);
			runOnlyForDeploymentPostprocessing = 0;
		};
/* End PBXFrameworksBuildPhase section */

/* Begin PBXGroup section */
		1132D9DB21F90DB30061E6E3 = {
			isa = PBXGroup;
			children = (
				1132D9E621F90DB30061E6E3 /* objc-documents */,
				1132D9E521F90DB30061E6E3 /* Products */,
			);
			sourceTree = "<group>";
		};
		1132D9E521F90DB30061E6E3 /* Products */ = {
			isa = PBXGroup;
			children = (
				1132D9E421F90DB30061E6E3 /* objc-documents.app */,
			);
			name = Products;
			sourceTree = "<group>";
		};
		1132D9E621F90DB30061E6E3 /* objc-documents */ = {
			isa = PBXGroup;
			children = (
				1132D9FD21F90DF80061E6E3 /* NKTDocumentsTVC.h */,
				1132D9FE21F90DF80061E6E3 /* NKTDocumentsTVC.m */,
				1132D9E721F90DB30061E6E3 /* AppDelegate.h */,
				1132D9E821F90DB30061E6E3 /* AppDelegate.m */,
				1132D9ED21F90DB30061E6E3 /* Main.storyboard */,
				111915B821F9104200A8554F /* NSString+WordCount.h */,
				111915B921F9104200A8554F /* NSString+WordCount.m */,
				111915B521F90FA900A8554F /* Document.h */,
				111915BB21F9114A00A8554F /* DocumentController.h */,
				111915BC21F9114A00A8554F /* DocumentController.m */,
				111915B621F90FA900A8554F /* Document.m */,
				1132DA0021F90ED10061E6E3 /* NKTDetailVC.h */,
				1132DA0121F90ED10061E6E3 /* NKTDetailVC.m */,
				1132D9F021F90DB40061E6E3 /* Assets.xcassets */,
				1132D9F221F90DB40061E6E3 /* LaunchScreen.storyboard */,
				1132D9F521F90DB40061E6E3 /* Info.plist */,
				1132D9F621F90DB40061E6E3 /* main.m */,
			);
			path = "objc-documents";
			sourceTree = "<group>";
		};
/* End PBXGroup section */

/* Begin PBXNativeTarget section */
		1132D9E321F90DB30061E6E3 /* objc-documents */ = {
			isa = PBXNativeTarget;
			buildConfigurationList = 1132D9FA21F90DB40061E6E3 /* Build configuration list for PBXNativeTarget "objc-documents" */;
			buildPhases = (
				1132D9E021F90DB30061E6E3 /* Sources */,
				1132D9E121F90DB30061E6E3 /* Frameworks */,
				1132D9E221F90DB30061E6E3 /* Resources */,
			);
			buildRules = (
			);
			dependencies = (
			);
			name = "objc-documents";
			productName = "objc-documents";
			productReference = 1132D9E421F90DB30061E6E3 /* objc-documents.app */;
			productType = "com.apple.product-type.application";
		};
/* End PBXNativeTarget section */

/* Begin PBXProject section */
		1132D9DC21F90DB30061E6E3 /* Project object */ = {
			isa = PBXProject;
			attributes = {
				LastUpgradeCheck = 1010;
				ORGANIZATIONNAME = "Nikita Thomas";
				TargetAttributes = {
					1132D9E321F90DB30061E6E3 = {
						CreatedOnToolsVersion = 10.1;
					};
				};
			};
			buildConfigurationList = 1132D9DF21F90DB30061E6E3 /* Build configuration list for PBXProject "objc-documents" */;
			compatibilityVersion = "Xcode 9.3";
			developmentRegion = en;
			hasScannedForEncodings = 0;
			knownRegions = (
				en,
				Base,
			);
			mainGroup = 1132D9DB21F90DB30061E6E3;
			productRefGroup = 1132D9E521F90DB30061E6E3 /* Products */;
			projectDirPath = "";
			projectRoot = "";
			targets = (
				1132D9E321F90DB30061E6E3 /* objc-documents */,
			);
		};
/* End PBXProject section */

/* Begin PBXResourcesBuildPhase section */
		1132D9E221F90DB30061E6E3 /* Resources */ = {
			isa = PBXResourcesBuildPhase;
			buildActionMask = 2147483647;
			files = (
				1132D9F421F90DB40061E6E3 /* LaunchScreen.storyboard in Resources */,
				1132D9F121F90DB40061E6E3 /* Assets.xcassets in Resources */,
				1132D9EF21F90DB30061E6E3 /* Main.storyboard in Resources */,
			);
			runOnlyForDeploymentPostprocessing = 0;
		};
/* End PBXResourcesBuildPhase section */

/* Begin PBXSourcesBuildPhase section */
		1132D9E021F90DB30061E6E3 /* Sources */ = {
			isa = PBXSourcesBuildPhase;
			buildActionMask = 2147483647;
			files = (
				1132D9F721F90DB40061E6E3 /* main.m in Sources */,
				1132DA0221F90ED10061E6E3 /* NKTDetailVC.m in Sources */,
				1132D9FF21F90DF80061E6E3 /* NKTDocumentsTVC.m in Sources */,
				111915BA21F9104200A8554F /* NSString+WordCount.m in Sources */,
				111915B721F90FA900A8554F /* Document.m in Sources */,
				111915BD21F9114A00A8554F /* DocumentController.m in Sources */,
				1132D9E921F90DB30061E6E3 /* AppDelegate.m in Sources */,
			);
			runOnlyForDeploymentPostprocessing = 0;
		};
/* End PBXSourcesBuildPhase section */

/* Begin PBXVariantGroup section */
		1132D9ED21F90DB30061E6E3 /* Main.storyboard */ = {
			isa = PBXVariantGroup;
			children = (
				1132D9EE21F90DB30061E6E3 /* Base */,
			);
			name = Main.storyboard;
			sourceTree = "<group>";
		};
		1132D9F221F90DB40061E6E3 /* LaunchScreen.storyboard */ = {
			isa = PBXVariantGroup;
			children = (
				1132D9F321F90DB40061E6E3 /* Base */,
			);
			name = LaunchScreen.storyboard;
			sourceTree = "<group>";
		};
/* End PBXVariantGroup section */

/* Begin XCBuildConfiguration section */
		1132D9F821F90DB40061E6E3 /* Debug */ = {
			isa = XCBuildConfiguration;
			buildSettings = {
				ALWAYS_SEARCH_USER_PATHS = NO;
				CLANG_ANALYZER_NONNULL = YES;
				CLANG_ANALYZER_NUMBER_OBJECT_CONVERSION = YES_AGGRESSIVE;
				CLANG_CXX_LANGUAGE_STANDARD = "gnu++14";
				CLANG_CXX_LIBRARY = "libc++";
				CLANG_ENABLE_MODULES = YES;
				CLANG_ENABLE_OBJC_ARC = YES;
				CLANG_ENABLE_OBJC_WEAK = YES;
				CLANG_WARN_BLOCK_CAPTURE_AUTORELEASING = YES;
				CLANG_WARN_BOOL_CONVERSION = YES;
				CLANG_WARN_COMMA = YES;
				CLANG_WARN_CONSTANT_CONVERSION = YES;
				CLANG_WARN_DEPRECATED_OBJC_IMPLEMENTATIONS = YES;
				CLANG_WARN_DIRECT_OBJC_ISA_USAGE = YES_ERROR;
				CLANG_WARN_DOCUMENTATION_COMMENTS = YES;
				CLANG_WARN_EMPTY_BODY = YES;
				CLANG_WARN_ENUM_CONVERSION = YES;
				CLANG_WARN_INFINITE_RECURSION = YES;
				CLANG_WARN_INT_CONVERSION = YES;
				CLANG_WARN_NON_LITERAL_NULL_CONVERSION = YES;
				CLANG_WARN_OBJC_IMPLICIT_RETAIN_SELF = YES;
				CLANG_WARN_OBJC_LITERAL_CONVERSION = YES;
				CLANG_WARN_OBJC_ROOT_CLASS = YES_ERROR;
				CLANG_WARN_RANGE_LOOP_ANALYSIS = YES;
				CLANG_WARN_STRICT_PROTOTYPES = YES;
				CLANG_WARN_SUSPICIOUS_MOVE = YES;
				CLANG_WARN_UNGUARDED_AVAILABILITY = YES_AGGRESSIVE;
				CLANG_WARN_UNREACHABLE_CODE = YES;
				CLANG_WARN__DUPLICATE_METHOD_MATCH = YES;
				CODE_SIGN_IDENTITY = "iPhone Developer";
				COPY_PHASE_STRIP = NO;
				DEBUG_INFORMATION_FORMAT = dwarf;
				ENABLE_STRICT_OBJC_MSGSEND = YES;
				ENABLE_TESTABILITY = YES;
				GCC_C_LANGUAGE_STANDARD = gnu11;
				GCC_DYNAMIC_NO_PIC = NO;
				GCC_NO_COMMON_BLOCKS = YES;
				GCC_OPTIMIZATION_LEVEL = 0;
				GCC_PREPROCESSOR_DEFINITIONS = (
					"DEBUG=1",
					"$(inherited)",
				);
				GCC_WARN_64_TO_32_BIT_CONVERSION = YES;
				GCC_WARN_ABOUT_RETURN_TYPE = YES_ERROR;
				GCC_WARN_UNDECLARED_SELECTOR = YES;
				GCC_WARN_UNINITIALIZED_AUTOS = YES_AGGRESSIVE;
				GCC_WARN_UNUSED_FUNCTION = YES;
				GCC_WARN_UNUSED_VARIABLE = YES;
				IPHONEOS_DEPLOYMENT_TARGET = 12.1;
				MTL_ENABLE_DEBUG_INFO = INCLUDE_SOURCE;
				MTL_FAST_MATH = YES;
				ONLY_ACTIVE_ARCH = YES;
				SDKROOT = iphoneos;
			};
			name = Debug;
		};
		1132D9F921F90DB40061E6E3 /* Release */ = {
			isa = XCBuildConfiguration;
			buildSettings = {
				ALWAYS_SEARCH_USER_PATHS = NO;
				CLANG_ANALYZER_NONNULL = YES;
				CLANG_ANALYZER_NUMBER_OBJECT_CONVERSION = YES_AGGRESSIVE;
				CLANG_CXX_LANGUAGE_STANDARD = "gnu++14";
				CLANG_CXX_LIBRARY = "libc++";
				CLANG_ENABLE_MODULES = YES;
				CLANG_ENABLE_OBJC_ARC = YES;
				CLANG_ENABLE_OBJC_WEAK = YES;
				CLANG_WARN_BLOCK_CAPTURE_AUTORELEASING = YES;
				CLANG_WARN_BOOL_CONVERSION = YES;
				CLANG_WARN_COMMA = YES;
				CLANG_WARN_CONSTANT_CONVERSION = YES;
				CLANG_WARN_DEPRECATED_OBJC_IMPLEMENTATIONS = YES;
				CLANG_WARN_DIRECT_OBJC_ISA_USAGE = YES_ERROR;
				CLANG_WARN_DOCUMENTATION_COMMENTS = YES;
				CLANG_WARN_EMPTY_BODY = YES;
				CLANG_WARN_ENUM_CONVERSION = YES;
				CLANG_WARN_INFINITE_RECURSION = YES;
				CLANG_WARN_INT_CONVERSION = YES;
				CLANG_WARN_NON_LITERAL_NULL_CONVERSION = YES;
				CLANG_WARN_OBJC_IMPLICIT_RETAIN_SELF = YES;
				CLANG_WARN_OBJC_LITERAL_CONVERSION = YES;
				CLANG_WARN_OBJC_ROOT_CLASS = YES_ERROR;
				CLANG_WARN_RANGE_LOOP_ANALYSIS = YES;
				CLANG_WARN_STRICT_PROTOTYPES = YES;
				CLANG_WARN_SUSPICIOUS_MOVE = YES;
				CLANG_WARN_UNGUARDED_AVAILABILITY = YES_AGGRESSIVE;
				CLANG_WARN_UNREACHABLE_CODE = YES;
				CLANG_WARN__DUPLICATE_METHOD_MATCH = YES;
				CODE_SIGN_IDENTITY = "iPhone Developer";
				COPY_PHASE_STRIP = NO;
				DEBUG_INFORMATION_FORMAT = "dwarf-with-dsym";
				ENABLE_NS_ASSERTIONS = NO;
				ENABLE_STRICT_OBJC_MSGSEND = YES;
				GCC_C_LANGUAGE_STANDARD = gnu11;
				GCC_NO_COMMON_BLOCKS = YES;
				GCC_WARN_64_TO_32_BIT_CONVERSION = YES;
				GCC_WARN_ABOUT_RETURN_TYPE = YES_ERROR;
				GCC_WARN_UNDECLARED_SELECTOR = YES;
				GCC_WARN_UNINITIALIZED_AUTOS = YES_AGGRESSIVE;
				GCC_WARN_UNUSED_FUNCTION = YES;
				GCC_WARN_UNUSED_VARIABLE = YES;
				IPHONEOS_DEPLOYMENT_TARGET = 12.1;
				MTL_ENABLE_DEBUG_INFO = NO;
				MTL_FAST_MATH = YES;
				SDKROOT = iphoneos;
				VALIDATE_PRODUCT = YES;
			};
			name = Release;
		};
		1132D9FB21F90DB40061E6E3 /* Debug */ = {
			isa = XCBuildConfiguration;
			buildSettings = {
				ASSETCATALOG_COMPILER_APPICON_NAME = AppIcon;
				CODE_SIGN_STYLE = Automatic;
				DEVELOPMENT_TEAM = FXUY9QKNNU;
				INFOPLIST_FILE = "objc-documents/Info.plist";
				LD_RUNPATH_SEARCH_PATHS = (
					"$(inherited)",
					"@executable_path/Frameworks",
				);
				PRODUCT_BUNDLE_IDENTIFIER = "NikitaThomas.objc-documents";
				PRODUCT_NAME = "$(TARGET_NAME)";
				TARGETED_DEVICE_FAMILY = "1,2";
			};
			name = Debug;
		};
		1132D9FC21F90DB40061E6E3 /* Release */ = {
			isa = XCBuildConfiguration;
			buildSettings = {
				ASSETCATALOG_COMPILER_APPICON_NAME = AppIcon;
				CODE_SIGN_STYLE = Automatic;
				DEVELOPMENT_TEAM = FXUY9QKNNU;
				INFOPLIST_FILE = "objc-documents/Info.plist";
				LD_RUNPATH_SEARCH_PATHS = (
					"$(inherited)",
					"@executable_path/Frameworks",
				);
				PRODUCT_BUNDLE_IDENTIFIER = "NikitaThomas.objc-documents";
				PRODUCT_NAME = "$(TARGET_NAME)";
				TARGETED_DEVICE_FAMILY = "1,2";
			};
			name = Release;
		};
/* End XCBuildConfiguration section */

/* Begin XCConfigurationList section */
		1132D9DF21F90DB30061E6E3 /* Build configuration list for PBXProject "objc-documents" */ = {
			isa = XCConfigurationList;
			buildConfigurations = (
				1132D9F821F90DB40061E6E3 /* Debug */,
				1132D9F921F90DB40061E6E3 /* Release */,
			);
			defaultConfigurationIsVisible = 0;
			defaultConfigurationName = Release;
		};
		1132D9FA21F90DB40061E6E3 /* Build configuration list for PBXNativeTarget "objc-documents" */ = {
			isa = XCConfigurationList;
			buildConfigurations = (
				1132D9FB21F90DB40061E6E3 /* Debug */,
				1132D9FC21F90DB40061E6E3 /* Release */,
			);
			defaultConfigurationIsVisible = 0;
			defaultConfigurationName = Release;
		};
/* End XCConfigurationList section */
	};
	rootObject = 1132D9DC21F90DB30061E6E3 /* Project object */;
}
